
Microsoft Visual Studio Solution File, Format Version 12.00
# Visual Studio Version 17
VisualStudioVersion = 17.10.35013.160
MinimumVisualStudioVersion = 10.0.40219.1
Project("{FAE04EC0-301F-11D3-BF4B-00C04F79EFBC}") = "LeltarParositasResultValidator", "LeltarParositasResultValidator\LeltarParositasResultValidator.csproj", "{964E7A80-63A6-48DB-A981-CE4D26D51ABE}"
EndProject
Global
	GlobalSection(SolutionConfigurationPlatforms) = preSolution
		Debug|Any CPU = Debug|Any CPU
		Release|Any CPU = Release|Any CPU
	EndGlobalSection
	GlobalSection(ProjectConfigurationPlatforms) = postSolution
		{964E7A80-63A6-48DB-A981-CE4D26D51ABE}.Debug|Any CPU.ActiveCfg = Debug|Any CPU
		{964E7A80-63A6-48DB-A981-CE4D26D51ABE}.Debug|Any CPU.Build.0 = Debug|Any CPU
		{964E7A80-63A6-48DB-A981-CE4D26D51ABE}.Release|Any CPU.ActiveCfg = Release|Any CPU
		{964E7A80-63A6-48DB-A981-CE4D26D51ABE}.Release|Any CPU.Build.0 = Release|Any CPU
	EndGlobalSection
	GlobalSection(SolutionProperties) = preSolution
		HideSolutionNode = FALSE
	EndGlobalSection
	GlobalSection(ExtensibilityGlobals) = postSolution
		SolutionGuid = {FEE5EFD4-260C-4B03-9900-2ED54B868BB8}
	EndGlobalSection
EndGlobal
